
Microsoft Visual Studio Solution File, Format Version 12.00
# Visual Studio Version 16
VisualStudioVersion = 16.0.31729.503
MinimumVisualStudioVersion = 10.0.40219.1
Project("{FAE04EC0-301F-11D3-BF4B-00C04F79EFBC}") = "w3-group-1", "w3-group-1.csproj", "{60264E30-61D9-4986-85E2-DA2C57DD7EFD}"
EndProject
Project("{FAE04EC0-301F-11D3-BF4B-00C04F79EFBC}") = "w3-group-1-client", "..\w3-group-1-client\w3-group-1-client.csproj", "{09D9E5B5-C8DD-4A97-9EAF-DBD963D7CD7F}"
	ProjectSection(ProjectDependencies) = postProject
		{60264E30-61D9-4986-85E2-DA2C57DD7EFD} = {60264E30-61D9-4986-85E2-DA2C57DD7EFD}
	EndProjectSection
EndProject
Global
	GlobalSection(SolutionConfigurationPlatforms) = preSolution
		Debug|Any CPU = Debug|Any CPU
		Release|Any CPU = Release|Any CPU
	EndGlobalSection
	GlobalSection(ProjectConfigurationPlatforms) = postSolution
		{60264E30-61D9-4986-85E2-DA2C57DD7EFD}.Debug|Any CPU.ActiveCfg = Debug|Any CPU
		{60264E30-61D9-4986-85E2-DA2C57DD7EFD}.Debug|Any CPU.Build.0 = Debug|Any CPU
		{60264E30-61D9-4986-85E2-DA2C57DD7EFD}.Release|Any CPU.ActiveCfg = Release|Any CPU
		{60264E30-61D9-4986-85E2-DA2C57DD7EFD}.Release|Any CPU.Build.0 = Release|Any CPU
		{09D9E5B5-C8DD-4A97-9EAF-DBD963D7CD7F}.Debug|Any CPU.ActiveCfg = Debug|Any CPU
		{09D9E5B5-C8DD-4A97-9EAF-DBD963D7CD7F}.Debug|Any CPU.Build.0 = Debug|Any CPU
		{09D9E5B5-C8DD-4A97-9EAF-DBD963D7CD7F}.Release|Any CPU.ActiveCfg = Release|Any CPU
		{09D9E5B5-C8DD-4A97-9EAF-DBD963D7CD7F}.Release|Any CPU.Build.0 = Release|Any CPU
	EndGlobalSection
	GlobalSection(SolutionProperties) = preSolution
		HideSolutionNode = FALSE
	EndGlobalSection
	GlobalSection(ExtensibilityGlobals) = postSolution
		SolutionGuid = {E172135A-2D4E-4BA2-B9C4-2BA034971F06}
	EndGlobalSection
EndGlobal
