
Microsoft Visual Studio Solution File, Format Version 12.00
# Visual Studio Version 16
VisualStudioVersion = 16.0.31729.503
MinimumVisualStudioVersion = 10.0.40219.1
Project("{FAE04EC0-301F-11D3-BF4B-00C04F79EFBC}") = "w8-in-class-2", "w8-in-class-2.csproj", "{A863DCA4-1DF3-4299-9F8B-EE2B0BA717F3}"
EndProject
Global
	GlobalSection(SolutionConfigurationPlatforms) = preSolution
		Debug|Any CPU = Debug|Any CPU
		Release|Any CPU = Release|Any CPU
	EndGlobalSection
	GlobalSection(ProjectConfigurationPlatforms) = postSolution
		{A863DCA4-1DF3-4299-9F8B-EE2B0BA717F3}.Debug|Any CPU.ActiveCfg = Debug|Any CPU
		{A863DCA4-1DF3-4299-9F8B-EE2B0BA717F3}.Debug|Any CPU.Build.0 = Debug|Any CPU
		{A863DCA4-1DF3-4299-9F8B-EE2B0BA717F3}.Release|Any CPU.ActiveCfg = Release|Any CPU
		{A863DCA4-1DF3-4299-9F8B-EE2B0BA717F3}.Release|Any CPU.Build.0 = Release|Any CPU
	EndGlobalSection
	GlobalSection(SolutionProperties) = preSolution
		HideSolutionNode = FALSE
	EndGlobalSection
	GlobalSection(ExtensibilityGlobals) = postSolution
		SolutionGuid = {B55C4525-79A3-4B6B-A799-0DF066C5884E}
	EndGlobalSection
EndGlobal
