
Microsoft Visual Studio Solution File, Format Version 12.00
# Visual Studio Version 16
VisualStudioVersion = 16.0.31729.503
MinimumVisualStudioVersion = 10.0.40219.1
Project("{FAE04EC0-301F-11D3-BF4B-00C04F79EFBC}") = "w2-in-class-2", "w2-in-class-2.csproj", "{2F6EA71E-FC78-45D2-B6AA-B9DD3491C1AE}"
EndProject
Global
	GlobalSection(SolutionConfigurationPlatforms) = preSolution
		Debug|Any CPU = Debug|Any CPU
		Release|Any CPU = Release|Any CPU
	EndGlobalSection
	GlobalSection(ProjectConfigurationPlatforms) = postSolution
		{2F6EA71E-FC78-45D2-B6AA-B9DD3491C1AE}.Debug|Any CPU.ActiveCfg = Debug|Any CPU
		{2F6EA71E-FC78-45D2-B6AA-B9DD3491C1AE}.Debug|Any CPU.Build.0 = Debug|Any CPU
		{2F6EA71E-FC78-45D2-B6AA-B9DD3491C1AE}.Release|Any CPU.ActiveCfg = Release|Any CPU
		{2F6EA71E-FC78-45D2-B6AA-B9DD3491C1AE}.Release|Any CPU.Build.0 = Release|Any CPU
	EndGlobalSection
	GlobalSection(SolutionProperties) = preSolution
		HideSolutionNode = FALSE
	EndGlobalSection
	GlobalSection(ExtensibilityGlobals) = postSolution
		SolutionGuid = {6708790A-7D41-455F-959B-F940CE77BD81}
	EndGlobalSection
EndGlobal
